
Microsoft Visual Studio Solution File, Format Version 12.00
# Visual Studio 15
Project("{FAE04EC0-301F-11D3-BF4B-00C04F79EFBC}") = "Assembly-CSharp", "Assembly-CSharp.csproj", "{EBFE4C96-5551-5A2F-6D40-8B879DC26650}"
EndProject
Global
	GlobalSection(SolutionConfigurationPlatforms) = preSolution
		Debug|Any CPU = Debug|Any CPU
		Release|Any CPU = Release|Any CPU
	EndGlobalSection
	GlobalSection(ProjectConfigurationPlatforms) = postSolution
		{EBFE4C96-5551-5A2F-6D40-8B879DC26650}.Debug|Any CPU.ActiveCfg = Debug|Any CPU
		{EBFE4C96-5551-5A2F-6D40-8B879DC26650}.Debug|Any CPU.Build.0 = Debug|Any CPU
		{EBFE4C96-5551-5A2F-6D40-8B879DC26650}.Release|Any CPU.ActiveCfg = Release|Any CPU
		{EBFE4C96-5551-5A2F-6D40-8B879DC26650}.Release|Any CPU.Build.0 = Release|Any CPU
	EndGlobalSection
	GlobalSection(SolutionProperties) = preSolution
		HideSolutionNode = FALSE
	EndGlobalSection
EndGlobal
